
Microsoft Visual Studio Solution File, Format Version 12.00
# Visual Studio Version 17
VisualStudioVersion = 17.0.31903.59
MinimumVisualStudioVersion = 10.0.40219.1
Project("{2150E333-8FDC-42A3-9474-1A3956D46DE8}") = "days", "days", "{482301D1-11D8-4428-8416-AF0E136C476B}"
EndProject
Project("{2150E333-8FDC-42A3-9474-1A3956D46DE8}") = "2", "2", "{26FFC5C0-3D4E-4580-B939-C99ED1D24F52}"
EndProject
Project("{FAE04EC0-301F-11D3-BF4B-00C04F79EFBC}") = "SafeLevels2.0", "days\2\SafeLevels2.0\SafeLevels2.0.csproj", "{531E2943-C102-4940-94A5-FEA250C8C8C5}"
EndProject
Project("{FAE04EC0-301F-11D3-BF4B-00C04F79EFBC}") = "SafeLevels", "days\2\SafeLevels\SafeLevels.csproj", "{C80066DC-C081-4301-A161-9C74E9C29770}"
EndProject
Project("{2150E333-8FDC-42A3-9474-1A3956D46DE8}") = "1", "1", "{9E84C8C9-0B9F-41E3-BCC6-FB004BCA8D83}"
EndProject
Project("{FAE04EC0-301F-11D3-BF4B-00C04F79EFBC}") = "Similarity", "days\1\Similarity\Similarity.csproj", "{72B90038-4C31-4077-B681-DA47C8BFBCA8}"
EndProject
Project("{FAE04EC0-301F-11D3-BF4B-00C04F79EFBC}") = "Difference", "days\1\Difference\Difference.csproj", "{F0191523-9293-4BCB-9B0A-D4B74C99A847}"
EndProject
Project("{2150E333-8FDC-42A3-9474-1A3956D46DE8}") = "3", "3", "{0B4A3CD9-704C-4298-975E-31F44A098363}"
EndProject
Project("{FAE04EC0-301F-11D3-BF4B-00C04F79EFBC}") = "MullItOver", "days\3\MullItOver\MullItOver.csproj", "{283F628B-9738-4C0B-97F3-F2076BEFF22D}"
EndProject
Project("{FAE04EC0-301F-11D3-BF4B-00C04F79EFBC}") = "AdventOfCodeLib", "AdventOfCodeLib\AdventOfCodeLib.csproj", "{2AAEE529-5CB1-4488-AA4D-E01E5011ABF6}"
EndProject
Project("{FAE04EC0-301F-11D3-BF4B-00C04F79EFBC}") = "MulItOver2.0", "MulItOver2.0\MulItOver2.0.csproj", "{A9C4600F-D89B-4083-9A73-E1B51E3CC157}"
EndProject
Project("{2150E333-8FDC-42A3-9474-1A3956D46DE8}") = "4", "4", "{59DC82E7-D060-45E5-8ACF-61783F12439A}"
EndProject
Project("{FAE04EC0-301F-11D3-BF4B-00C04F79EFBC}") = "XmasWordCount", "XmasWordCount\XmasWordCount.csproj", "{7423E8D0-B244-4C71-B89A-547789F623E9}"
EndProject
Project("{FAE04EC0-301F-11D3-BF4B-00C04F79EFBC}") = "X-masWordCount", "X-masWordCount\X-masWordCount.csproj", "{38745719-D09B-4287-8201-0DBF482959F3}"
EndProject
Global
	GlobalSection(SolutionConfigurationPlatforms) = preSolution
		Debug|Any CPU = Debug|Any CPU
		Release|Any CPU = Release|Any CPU
	EndGlobalSection
	GlobalSection(ProjectConfigurationPlatforms) = postSolution
		{531E2943-C102-4940-94A5-FEA250C8C8C5}.Debug|Any CPU.ActiveCfg = Debug|Any CPU
		{531E2943-C102-4940-94A5-FEA250C8C8C5}.Debug|Any CPU.Build.0 = Debug|Any CPU
		{531E2943-C102-4940-94A5-FEA250C8C8C5}.Release|Any CPU.ActiveCfg = Release|Any CPU
		{531E2943-C102-4940-94A5-FEA250C8C8C5}.Release|Any CPU.Build.0 = Release|Any CPU
		{C80066DC-C081-4301-A161-9C74E9C29770}.Debug|Any CPU.ActiveCfg = Debug|Any CPU
		{C80066DC-C081-4301-A161-9C74E9C29770}.Debug|Any CPU.Build.0 = Debug|Any CPU
		{C80066DC-C081-4301-A161-9C74E9C29770}.Release|Any CPU.ActiveCfg = Release|Any CPU
		{C80066DC-C081-4301-A161-9C74E9C29770}.Release|Any CPU.Build.0 = Release|Any CPU
		{72B90038-4C31-4077-B681-DA47C8BFBCA8}.Debug|Any CPU.ActiveCfg = Debug|Any CPU
		{72B90038-4C31-4077-B681-DA47C8BFBCA8}.Debug|Any CPU.Build.0 = Debug|Any CPU
		{72B90038-4C31-4077-B681-DA47C8BFBCA8}.Release|Any CPU.ActiveCfg = Release|Any CPU
		{72B90038-4C31-4077-B681-DA47C8BFBCA8}.Release|Any CPU.Build.0 = Release|Any CPU
		{F0191523-9293-4BCB-9B0A-D4B74C99A847}.Debug|Any CPU.ActiveCfg = Debug|Any CPU
		{F0191523-9293-4BCB-9B0A-D4B74C99A847}.Debug|Any CPU.Build.0 = Debug|Any CPU
		{F0191523-9293-4BCB-9B0A-D4B74C99A847}.Release|Any CPU.ActiveCfg = Release|Any CPU
		{F0191523-9293-4BCB-9B0A-D4B74C99A847}.Release|Any CPU.Build.0 = Release|Any CPU
		{283F628B-9738-4C0B-97F3-F2076BEFF22D}.Debug|Any CPU.ActiveCfg = Debug|Any CPU
		{283F628B-9738-4C0B-97F3-F2076BEFF22D}.Debug|Any CPU.Build.0 = Debug|Any CPU
		{283F628B-9738-4C0B-97F3-F2076BEFF22D}.Release|Any CPU.ActiveCfg = Release|Any CPU
		{283F628B-9738-4C0B-97F3-F2076BEFF22D}.Release|Any CPU.Build.0 = Release|Any CPU
		{2AAEE529-5CB1-4488-AA4D-E01E5011ABF6}.Debug|Any CPU.ActiveCfg = Debug|Any CPU
		{2AAEE529-5CB1-4488-AA4D-E01E5011ABF6}.Debug|Any CPU.Build.0 = Debug|Any CPU
		{2AAEE529-5CB1-4488-AA4D-E01E5011ABF6}.Release|Any CPU.ActiveCfg = Release|Any CPU
		{2AAEE529-5CB1-4488-AA4D-E01E5011ABF6}.Release|Any CPU.Build.0 = Release|Any CPU
		{A9C4600F-D89B-4083-9A73-E1B51E3CC157}.Debug|Any CPU.ActiveCfg = Debug|Any CPU
		{A9C4600F-D89B-4083-9A73-E1B51E3CC157}.Debug|Any CPU.Build.0 = Debug|Any CPU
		{A9C4600F-D89B-4083-9A73-E1B51E3CC157}.Release|Any CPU.ActiveCfg = Release|Any CPU
		{A9C4600F-D89B-4083-9A73-E1B51E3CC157}.Release|Any CPU.Build.0 = Release|Any CPU
		{7423E8D0-B244-4C71-B89A-547789F623E9}.Debug|Any CPU.ActiveCfg = Debug|Any CPU
		{7423E8D0-B244-4C71-B89A-547789F623E9}.Debug|Any CPU.Build.0 = Debug|Any CPU
		{7423E8D0-B244-4C71-B89A-547789F623E9}.Release|Any CPU.ActiveCfg = Release|Any CPU
		{7423E8D0-B244-4C71-B89A-547789F623E9}.Release|Any CPU.Build.0 = Release|Any CPU
		{38745719-D09B-4287-8201-0DBF482959F3}.Debug|Any CPU.ActiveCfg = Debug|Any CPU
		{38745719-D09B-4287-8201-0DBF482959F3}.Debug|Any CPU.Build.0 = Debug|Any CPU
		{38745719-D09B-4287-8201-0DBF482959F3}.Release|Any CPU.ActiveCfg = Release|Any CPU
		{38745719-D09B-4287-8201-0DBF482959F3}.Release|Any CPU.Build.0 = Release|Any CPU
	EndGlobalSection
	GlobalSection(SolutionProperties) = preSolution
		HideSolutionNode = FALSE
	EndGlobalSection
	GlobalSection(NestedProjects) = preSolution
		{26FFC5C0-3D4E-4580-B939-C99ED1D24F52} = {482301D1-11D8-4428-8416-AF0E136C476B}
		{531E2943-C102-4940-94A5-FEA250C8C8C5} = {26FFC5C0-3D4E-4580-B939-C99ED1D24F52}
		{C80066DC-C081-4301-A161-9C74E9C29770} = {26FFC5C0-3D4E-4580-B939-C99ED1D24F52}
		{9E84C8C9-0B9F-41E3-BCC6-FB004BCA8D83} = {482301D1-11D8-4428-8416-AF0E136C476B}
		{72B90038-4C31-4077-B681-DA47C8BFBCA8} = {9E84C8C9-0B9F-41E3-BCC6-FB004BCA8D83}
		{F0191523-9293-4BCB-9B0A-D4B74C99A847} = {9E84C8C9-0B9F-41E3-BCC6-FB004BCA8D83}
		{0B4A3CD9-704C-4298-975E-31F44A098363} = {482301D1-11D8-4428-8416-AF0E136C476B}
		{283F628B-9738-4C0B-97F3-F2076BEFF22D} = {0B4A3CD9-704C-4298-975E-31F44A098363}
		{2AAEE529-5CB1-4488-AA4D-E01E5011ABF6} = {482301D1-11D8-4428-8416-AF0E136C476B}
		{A9C4600F-D89B-4083-9A73-E1B51E3CC157} = {0B4A3CD9-704C-4298-975E-31F44A098363}
		{59DC82E7-D060-45E5-8ACF-61783F12439A} = {482301D1-11D8-4428-8416-AF0E136C476B}
		{7423E8D0-B244-4C71-B89A-547789F623E9} = {59DC82E7-D060-45E5-8ACF-61783F12439A}
		{38745719-D09B-4287-8201-0DBF482959F3} = {59DC82E7-D060-45E5-8ACF-61783F12439A}
	EndGlobalSection
EndGlobal
